
Microsoft Visual Studio Solution File, Format Version 12.00
# Visual Studio 15
VisualStudioVersion = 15.0.28307.168
MinimumVisualStudioVersion = 10.0.40219.1
Project("{FAE04EC0-301F-11D3-BF4B-00C04F79EFBC}") = "JMDM_Network_Protocol", "JMDM_Network_Protocol\JMDM_Network_Protocol.csproj", "{D7CCFCF6-D7CB-4FC9-B557-8E67EE0914E2}"
EndProject
Project("{FAE04EC0-301F-11D3-BF4B-00C04F79EFBC}") = "TestConsole", "TestConsole\TestConsole.csproj", "{2B10E931-28A0-4627-816A-A9F1FCEA7F7F}"
EndProject
Global
	GlobalSection(SolutionConfigurationPlatforms) = preSolution
		Debug|Any CPU = Debug|Any CPU
		Release|Any CPU = Release|Any CPU
	EndGlobalSection
	GlobalSection(ProjectConfigurationPlatforms) = postSolution
		{D7CCFCF6-D7CB-4FC9-B557-8E67EE0914E2}.Debug|Any CPU.ActiveCfg = Debug|Any CPU
		{D7CCFCF6-D7CB-4FC9-B557-8E67EE0914E2}.Debug|Any CPU.Build.0 = Debug|Any CPU
		{D7CCFCF6-D7CB-4FC9-B557-8E67EE0914E2}.Release|Any CPU.ActiveCfg = Release|Any CPU
		{D7CCFCF6-D7CB-4FC9-B557-8E67EE0914E2}.Release|Any CPU.Build.0 = Release|Any CPU
		{2B10E931-28A0-4627-816A-A9F1FCEA7F7F}.Debug|Any CPU.ActiveCfg = Debug|Any CPU
		{2B10E931-28A0-4627-816A-A9F1FCEA7F7F}.Debug|Any CPU.Build.0 = Debug|Any CPU
		{2B10E931-28A0-4627-816A-A9F1FCEA7F7F}.Release|Any CPU.ActiveCfg = Release|Any CPU
		{2B10E931-28A0-4627-816A-A9F1FCEA7F7F}.Release|Any CPU.Build.0 = Release|Any CPU
	EndGlobalSection
	GlobalSection(SolutionProperties) = preSolution
		HideSolutionNode = FALSE
	EndGlobalSection
	GlobalSection(ExtensibilityGlobals) = postSolution
		SolutionGuid = {23748D10-36C9-4FE4-8F1C-FD329876C355}
	EndGlobalSection
EndGlobal
